schema: '2.0'
stages:
  prepare_data:
    cmd: cd ../ml && uv run python -m scripts.prepare_data
    deps:
    - path: ../ml/scripts/prepare_data.py
      hash: md5
      md5: 0815bfc93327255e5b85480667afff82
      size: 3214
    - path: data/data_raw/test.csv
      hash: md5
      md5: 615f55aa5c873e9db529dfdae3eb7b6e
      size: 9377782
    params:
      params.yaml:
        prepare.cutoff_date: '2014-08-01'
    outs:
    - path: data/processed/test.parquet
      hash: md5
      md5: 9b1428dffc3f78dd36d2e9b1ebb36d9b
      size: 26199
    - path: data/processed/train.parquet
      hash: md5
      md5: 40b6f2beb1ede8b909b29175ba45340e
      size: 3826880
    - path: data/processed/valid.parquet
      hash: md5
      md5: a90a8f873c4cfed2f4ac99d1aef3a95a
      size: 279013
  train:
    cmd: "cd ../ml && uv run python -m scripts.train --train-path ../shared/data/processed/train.parquet
      --valid-path ../shared/data/processed/valid.parquet --model-out ../shared/models/lgbm_baseline.pkl
      --metrics-out ../shared/outputs/metrics.json\n"
    deps:
    - path: ../ml/processing/validator.py
      hash: md5
      md5: 06aa842c8cbb043a99bca929690bbb25
      size: 563
    - path: ../ml/scripts/train.py
      hash: md5
      md5: 5dc5196b95ad1927529a97607cba0222
      size: 4943
    - path: data/processed/train.parquet
      hash: md5
      md5: 40b6f2beb1ede8b909b29175ba45340e
      size: 3826880
    - path: data/processed/valid.parquet
      hash: md5
      md5: a90a8f873c4cfed2f4ac99d1aef3a95a
      size: 279013
    params:
      params.yaml:
        train:
          objective: regression
          metric: rmse
          boosting_type: gbdt
          num_leaves: 127
          learning_rate: 0.0125
          feature_fraction: 0.804
          bagging_fraction: 0.903
          bagging_freq: 7
          min_child_samples: 42
          lambda_l1: 7.33e-08
          lambda_l2: 0.00357
          max_depth: 11
          n_estimators: 1000
          early_stopping_rounds: 50
          random_state: 2025
    outs:
    - path: models/lgbm_baseline.pkl
      hash: md5
      md5: 4faa653377b478a56bd0095ec53ab724
      size: 11828645
    - path: outputs/metrics.json
      hash: md5
      md5: 245d9761894dd0041b26b550387f4a2a
      size: 176
  tune:
    cmd: "cd ../ml && uv run python -m scripts.tune --train-path ../shared/data/processed/train.parquet
      --valid-path ../shared/data/processed/valid.parquet --out-best-params ../shared/outputs/tuning/best_params.json\n"
    deps:
    - path: ../ml/scripts/tune.py
      hash: md5
      md5: 489f14e81ef0735fef14c29c61d6e9ef
      size: 4078
    - path: ../ml/tuning/objective.py
      hash: md5
      md5: 7b0eabbb62fb60f84d9a89476905a571
      size: 3439
    - path: data/processed/train.parquet
      hash: md5
      md5: 40b6f2beb1ede8b909b29175ba45340e
      size: 3826880
    - path: data/processed/valid.parquet
      hash: md5
      md5: a90a8f873c4cfed2f4ac99d1aef3a95a
      size: 279013
    params:
      params.yaml:
        tune:
          n_trials: 50
          timeout_sec: 0
          study_name: lgbm_global_optuna
    outs:
    - path: outputs/tuning/best_params.json
      hash: md5
      md5: a11784678fd50cb4dc7d1728a7e07277
      size: 295
